Microsoft Visual Studio Solution File, Format Version 11.00
# Visual Studio 2008

Project("{6B7C8C43-CA11-FFBF-BCD6-557A9037B38D}") = "TutorialProject_2", "Assembly-CSharp-firstpass.csproj", "{3752E500-F414-8DA5-1A1A-35422C6455F3}"
EndProject
Project("{6B7C8C43-CA11-FFBF-BCD6-557A9037B38D}") = "TutorialProject_2", "Assembly-UnityScript-firstpass.unityproj", "{BF6A89C1-FF2C-A8D0-82BF-AAA45AD60025}"
EndProject
Project("{6B7C8C43-CA11-FFBF-BCD6-557A9037B38D}") = "TutorialProject_2", "Assembly-UnityScript.unityproj", "{F6B1529A-89EC-274C-35B7-0E1A364077CF}"
EndProject
Global
	GlobalSection(SolutionConfigurationPlatforms) = preSolution
		Debug|Any CPU = Debug|Any CPU
		Release|Any CPU = Release|Any CPU
	EndGlobalSection
	GlobalSection(ProjectConfigurationPlatforms) = postSolution
		{3752E500-F414-8DA5-1A1A-35422C6455F3}.Debug|Any CPU.ActiveCfg = Debug|Any CPU
		{3752E500-F414-8DA5-1A1A-35422C6455F3}.Debug|Any CPU.Build.0 = Debug|Any CPU
		{3752E500-F414-8DA5-1A1A-35422C6455F3}.Release|Any CPU.ActiveCfg = Release|Any CPU
		{3752E500-F414-8DA5-1A1A-35422C6455F3}.Release|Any CPU.Build.0 = Release|Any CPU
		{BF6A89C1-FF2C-A8D0-82BF-AAA45AD60025}.Debug|Any CPU.ActiveCfg = Debug|Any CPU
		{BF6A89C1-FF2C-A8D0-82BF-AAA45AD60025}.Debug|Any CPU.Build.0 = Debug|Any CPU
		{BF6A89C1-FF2C-A8D0-82BF-AAA45AD60025}.Release|Any CPU.ActiveCfg = Release|Any CPU
		{BF6A89C1-FF2C-A8D0-82BF-AAA45AD60025}.Release|Any CPU.Build.0 = Release|Any CPU
		{F6B1529A-89EC-274C-35B7-0E1A364077CF}.Debug|Any CPU.ActiveCfg = Debug|Any CPU
		{F6B1529A-89EC-274C-35B7-0E1A364077CF}.Debug|Any CPU.Build.0 = Debug|Any CPU
		{F6B1529A-89EC-274C-35B7-0E1A364077CF}.Release|Any CPU.ActiveCfg = Release|Any CPU
		{F6B1529A-89EC-274C-35B7-0E1A364077CF}.Release|Any CPU.Build.0 = Release|Any CPU
	EndGlobalSection
	GlobalSection(SolutionProperties) = preSolution
		HideSolutionNode = FALSE
	EndGlobalSection
						GlobalSection(MonoDevelopProperties) = preSolution
		StartupItem = Assembly-CSharp.csproj
		Policies = $0
		$0.TextStylePolicy = $1
		$1.inheritsSet = null
		$1.scope = text/x-csharp
		$0.CSharpFormattingPolicy = $2
		$2.inheritsSet = Mono
		$2.inheritsScope = text/x-csharp
		$2.scope = text/x-csharp
		$0.TextStylePolicy = $3
		$3.FileWidth = 120
		$3.TabWidth = 4
		$3.EolMarker = Unix
		$3.inheritsSet = Mono
		$3.inheritsScope = text/plain
		$3.scope = text/plain
	EndGlobalSection

EndGlobal
